
Microsoft Visual Studio Solution File, Format Version 12.00
# Visual Studio Version 17
VisualStudioVersion = 17.9.34728.123
MinimumVisualStudioVersion = 10.0.40219.1
Project("{FAE04EC0-301F-11D3-BF4B-00C04F79EFBC}") = "Idade", "Idade.csproj", "{89D28DED-5774-497B-A100-895FB9F6C4A7}"
EndProject
Global
	GlobalSection(SolutionConfigurationPlatforms) = preSolution
		Debug|Any CPU = Debug|Any CPU
		Release|Any CPU = Release|Any CPU
	EndGlobalSection
	GlobalSection(ProjectConfigurationPlatforms) = postSolution
		{89D28DED-5774-497B-A100-895FB9F6C4A7}.Debug|Any CPU.ActiveCfg = Debug|Any CPU
		{89D28DED-5774-497B-A100-895FB9F6C4A7}.Debug|Any CPU.Build.0 = Debug|Any CPU
		{89D28DED-5774-497B-A100-895FB9F6C4A7}.Release|Any CPU.ActiveCfg = Release|Any CPU
		{89D28DED-5774-497B-A100-895FB9F6C4A7}.Release|Any CPU.Build.0 = Release|Any CPU
	EndGlobalSection
	GlobalSection(SolutionProperties) = preSolution
		HideSolutionNode = FALSE
	EndGlobalSection
	GlobalSection(ExtensibilityGlobals) = postSolution
		SolutionGuid = {94588566-8CEA-48A7-A7C0-EF2992B3834B}
	EndGlobalSection
EndGlobal
