
Microsoft Visual Studio Solution File, Format Version 12.00
# Visual Studio Version 17
VisualStudioVersion = 17.9.34728.123
MinimumVisualStudioVersion = 10.0.40219.1
Project("{FAE04EC0-301F-11D3-BF4B-00C04F79EFBC}") = "Teste2", "Teste2.csproj", "{8E4EA512-D91A-4A1F-8B09-1AF266C3DADF}"
EndProject
Global
	GlobalSection(SolutionConfigurationPlatforms) = preSolution
		Debug|Any CPU = Debug|Any CPU
		Release|Any CPU = Release|Any CPU
	EndGlobalSection
	GlobalSection(ProjectConfigurationPlatforms) = postSolution
		{8E4EA512-D91A-4A1F-8B09-1AF266C3DADF}.Debug|Any CPU.ActiveCfg = Debug|Any CPU
		{8E4EA512-D91A-4A1F-8B09-1AF266C3DADF}.Debug|Any CPU.Build.0 = Debug|Any CPU
		{8E4EA512-D91A-4A1F-8B09-1AF266C3DADF}.Release|Any CPU.ActiveCfg = Release|Any CPU
		{8E4EA512-D91A-4A1F-8B09-1AF266C3DADF}.Release|Any CPU.Build.0 = Release|Any CPU
	EndGlobalSection
	GlobalSection(SolutionProperties) = preSolution
		HideSolutionNode = FALSE
	EndGlobalSection
	GlobalSection(ExtensibilityGlobals) = postSolution
		SolutionGuid = {D54B3DA8-9585-42AF-8512-1825D61419AD}
	EndGlobalSection
EndGlobal
